
Microsoft Visual Studio Solution File, Format Version 12.00
# Visual Studio Version 17
VisualStudioVersion = 17.12.35527.113
MinimumVisualStudioVersion = 10.0.40219.1
Project("{FAE04EC0-301F-11D3-BF4B-00C04F79EFBC}") = "HelloWorld", "HelloWorld\HelloWorld.csproj", "{ADF0F661-76D1-4D08-B3FB-758AFD9CE5FF}"
EndProject
Project("{FAE04EC0-301F-11D3-BF4B-00C04F79EFBC}") = "HelloWorldLib", "HelloWorldLib\HelloWorldLib.csproj", "{6AB6DC3D-33CA-40E5-A02C-3847BD8B11BF}"
EndProject
Project("{FAE04EC0-301F-11D3-BF4B-00C04F79EFBC}") = "p3Arrays", "p3Arrays\p3Arrays.csproj", "{C390E7D8-9DFF-4D92-9872-0F38735C86DF}"
EndProject
Project("{FAE04EC0-301F-11D3-BF4B-00C04F79EFBC}") = "control_structure", "control_structure\control_structure.csproj", "{AAF9BD8E-41E3-49A7-8914-3D912F138E32}"
EndProject
Project("{FAE04EC0-301F-11D3-BF4B-00C04F79EFBC}") = "ArraySearch", "ArraySearch\ArraySearch.csproj", "{4F2965CB-9530-4DBE-9418-687BEF5219C6}"
EndProject
Project("{FAE04EC0-301F-11D3-BF4B-00C04F79EFBC}") = "Sort", "Sort\Sort.csproj", "{2745CD1B-FEF1-42BB-8244-33181F14A435}"
EndProject
Project("{FAE04EC0-301F-11D3-BF4B-00C04F79EFBC}") = "collection", "collection\collection.csproj", "{3D2115AE-70CA-4B34-B74C-EF557BB93C6F}"
EndProject
Global
	GlobalSection(SolutionConfigurationPlatforms) = preSolution
		Debug|Any CPU = Debug|Any CPU
		Release|Any CPU = Release|Any CPU
	EndGlobalSection
	GlobalSection(ProjectConfigurationPlatforms) = postSolution
		{ADF0F661-76D1-4D08-B3FB-758AFD9CE5FF}.Debug|Any CPU.ActiveCfg = Debug|Any CPU
		{ADF0F661-76D1-4D08-B3FB-758AFD9CE5FF}.Debug|Any CPU.Build.0 = Debug|Any CPU
		{ADF0F661-76D1-4D08-B3FB-758AFD9CE5FF}.Release|Any CPU.ActiveCfg = Release|Any CPU
		{ADF0F661-76D1-4D08-B3FB-758AFD9CE5FF}.Release|Any CPU.Build.0 = Release|Any CPU
		{6AB6DC3D-33CA-40E5-A02C-3847BD8B11BF}.Debug|Any CPU.ActiveCfg = Debug|Any CPU
		{6AB6DC3D-33CA-40E5-A02C-3847BD8B11BF}.Debug|Any CPU.Build.0 = Debug|Any CPU
		{6AB6DC3D-33CA-40E5-A02C-3847BD8B11BF}.Release|Any CPU.ActiveCfg = Release|Any CPU
		{6AB6DC3D-33CA-40E5-A02C-3847BD8B11BF}.Release|Any CPU.Build.0 = Release|Any CPU
		{C390E7D8-9DFF-4D92-9872-0F38735C86DF}.Debug|Any CPU.ActiveCfg = Debug|Any CPU
		{C390E7D8-9DFF-4D92-9872-0F38735C86DF}.Debug|Any CPU.Build.0 = Debug|Any CPU
		{C390E7D8-9DFF-4D92-9872-0F38735C86DF}.Release|Any CPU.ActiveCfg = Release|Any CPU
		{C390E7D8-9DFF-4D92-9872-0F38735C86DF}.Release|Any CPU.Build.0 = Release|Any CPU
		{AAF9BD8E-41E3-49A7-8914-3D912F138E32}.Debug|Any CPU.ActiveCfg = Debug|Any CPU
		{AAF9BD8E-41E3-49A7-8914-3D912F138E32}.Debug|Any CPU.Build.0 = Debug|Any CPU
		{AAF9BD8E-41E3-49A7-8914-3D912F138E32}.Release|Any CPU.ActiveCfg = Release|Any CPU
		{AAF9BD8E-41E3-49A7-8914-3D912F138E32}.Release|Any CPU.Build.0 = Release|Any CPU
		{4F2965CB-9530-4DBE-9418-687BEF5219C6}.Debug|Any CPU.ActiveCfg = Debug|Any CPU
		{4F2965CB-9530-4DBE-9418-687BEF5219C6}.Debug|Any CPU.Build.0 = Debug|Any CPU
		{4F2965CB-9530-4DBE-9418-687BEF5219C6}.Release|Any CPU.ActiveCfg = Release|Any CPU
		{4F2965CB-9530-4DBE-9418-687BEF5219C6}.Release|Any CPU.Build.0 = Release|Any CPU
		{2745CD1B-FEF1-42BB-8244-33181F14A435}.Debug|Any CPU.ActiveCfg = Debug|Any CPU
		{2745CD1B-FEF1-42BB-8244-33181F14A435}.Debug|Any CPU.Build.0 = Debug|Any CPU
		{2745CD1B-FEF1-42BB-8244-33181F14A435}.Release|Any CPU.ActiveCfg = Release|Any CPU
		{2745CD1B-FEF1-42BB-8244-33181F14A435}.Release|Any CPU.Build.0 = Release|Any CPU
		{3D2115AE-70CA-4B34-B74C-EF557BB93C6F}.Debug|Any CPU.ActiveCfg = Debug|Any CPU
		{3D2115AE-70CA-4B34-B74C-EF557BB93C6F}.Debug|Any CPU.Build.0 = Debug|Any CPU
		{3D2115AE-70CA-4B34-B74C-EF557BB93C6F}.Release|Any CPU.ActiveCfg = Release|Any CPU
		{3D2115AE-70CA-4B34-B74C-EF557BB93C6F}.Release|Any CPU.Build.0 = Release|Any CPU
	EndGlobalSection
	GlobalSection(SolutionProperties) = preSolution
		HideSolutionNode = FALSE
	EndGlobalSection
EndGlobal
