
Microsoft Visual Studio Solution File, Format Version 12.00
# Visual Studio Version 17
VisualStudioVersion = 17.12.35527.113 d17.12
MinimumVisualStudioVersion = 10.0.40219.1
Project("{FAE04EC0-301F-11D3-BF4B-00C04F79EFBC}") = "FirstADOApp", "FirstADOApp\FirstADOApp.csproj", "{3833CA81-83FD-4772-9999-5AD11C8EAD4C}"
EndProject
Project("{FAE04EC0-301F-11D3-BF4B-00C04F79EFBC}") = "FirstADOAppTests", "FirstADOAppTests\FirstADOAppTests.csproj", "{EF8D33B9-B383-4509-9AD6-73B7A232C7D7}"
EndProject
Global
	GlobalSection(SolutionConfigurationPlatforms) = preSolution
		Debug|Any CPU = Debug|Any CPU
		Release|Any CPU = Release|Any CPU
	EndGlobalSection
	GlobalSection(ProjectConfigurationPlatforms) = postSolution
		{3833CA81-83FD-4772-9999-5AD11C8EAD4C}.Debug|Any CPU.ActiveCfg = Debug|Any CPU
		{3833CA81-83FD-4772-9999-5AD11C8EAD4C}.Debug|Any CPU.Build.0 = Debug|Any CPU
		{3833CA81-83FD-4772-9999-5AD11C8EAD4C}.Release|Any CPU.ActiveCfg = Release|Any CPU
		{3833CA81-83FD-4772-9999-5AD11C8EAD4C}.Release|Any CPU.Build.0 = Release|Any CPU
		{EF8D33B9-B383-4509-9AD6-73B7A232C7D7}.Debug|Any CPU.ActiveCfg = Debug|Any CPU
		{EF8D33B9-B383-4509-9AD6-73B7A232C7D7}.Debug|Any CPU.Build.0 = Debug|Any CPU
		{EF8D33B9-B383-4509-9AD6-73B7A232C7D7}.Release|Any CPU.ActiveCfg = Release|Any CPU
		{EF8D33B9-B383-4509-9AD6-73B7A232C7D7}.Release|Any CPU.Build.0 = Release|Any CPU
	EndGlobalSection
	GlobalSection(SolutionProperties) = preSolution
		HideSolutionNode = FALSE
	EndGlobalSection
EndGlobal
