
Microsoft Visual Studio Solution File, Format Version 12.00
# Visual Studio Version 17
VisualStudioVersion = 17.12.35527.113 d17.12
MinimumVisualStudioVersion = 10.0.40219.1
Project("{FAE04EC0-301F-11D3-BF4B-00C04F79EFBC}") = "LoggingDemo", "LoggingDemo\LoggingDemo.csproj", "{DF4DE01F-34AC-49B3-844B-73364464F9EE}"
EndProject
Global
	GlobalSection(SolutionConfigurationPlatforms) = preSolution
		Debug|Any CPU = Debug|Any CPU
		Release|Any CPU = Release|Any CPU
	EndGlobalSection
	GlobalSection(ProjectConfigurationPlatforms) = postSolution
		{DF4DE01F-34AC-49B3-844B-73364464F9EE}.Debug|Any CPU.ActiveCfg = Debug|Any CPU
		{DF4DE01F-34AC-49B3-844B-73364464F9EE}.Debug|Any CPU.Build.0 = Debug|Any CPU
		{DF4DE01F-34AC-49B3-844B-73364464F9EE}.Release|Any CPU.ActiveCfg = Release|Any CPU
		{DF4DE01F-34AC-49B3-844B-73364464F9EE}.Release|Any CPU.Build.0 = Release|Any CPU
	EndGlobalSection
	GlobalSection(SolutionProperties) = preSolution
		HideSolutionNode = FALSE
	EndGlobalSection
EndGlobal
